{
  "lockfile_version": "1",
  "packages": {
    "github:NixOS/nixpkgs/nixpkgs-unstable": {
      "last_modified": "2025-07-28T17:09:23Z",
      "resolved": "github:NixOS/nixpkgs/648f70160c03151bc2121d179291337ad6bc564b?lastModified=1753722563&narHash=sha256-FK8iq76wlacriq3u0kFCehsRYTAqjA9nfprpiSWRWIc%3D"
    },
    "ruby_3_4@latest": {
      "last_modified": "2025-07-17T10:11:59Z",
      "plugin_version": "0.0.2",
      "resolved": "github:NixOS/nixpkgs/fa0ef8a6bb1651aa26c939aeb51b5f499e86b0ec#ruby_3_4",
      "source": "devbox-search",
      "version": "3.4.5",
      "systems": {
        "aarch64-darwin": {
          "outputs": [
            {
              "name": "out",
              "path": "/nix/store/0kmigp0a142apvl22wb16vfs1h2sfxqz-ruby-3.4.5",
              "default": true
            },
            {
              "name": "devdoc",
              "path": "/nix/store/7r42cwwpzmha5fxixagmmnbq28kwfn6m-ruby-3.4.5-devdoc"
            }
          ],
          "store_path": "/nix/store/0kmigp0a142apvl22wb16vfs1h2sfxqz-ruby-3.4.5"
        },
        "aarch64-linux": {
          "outputs": [
            {
              "name": "out",
              "path": "/nix/store/fp9mxxs2mgf11fb6w60far22c859kdy7-ruby-3.4.5",
              "default": true
            },
            {
              "name": "devdoc",
              "path": "/nix/store/mf3lib9bfp2b4m7x9891aakgzzxv5s7f-ruby-3.4.5-devdoc"
            }
          ],
          "store_path": "/nix/store/fp9mxxs2mgf11fb6w60far22c859kdy7-ruby-3.4.5"
        },
        "x86_64-darwin": {
          "outputs": [
            {
              "name": "out",
              "path": "/nix/store/3szxcsq7vfsk5lklz1hvnpiqvvd38qlw-ruby-3.4.5",
              "default": true
            },
            {
              "name": "devdoc",
              "path": "/nix/store/bpqmgxp2vd6j6220wrh5kzh1m178bwpb-ruby-3.4.5-devdoc"
            }
          ],
          "store_path": "/nix/store/3szxcsq7vfsk5lklz1hvnpiqvvd38qlw-ruby-3.4.5"
        },
        "x86_64-linux": {
          "outputs": [
            {
              "name": "out",
              "path": "/nix/store/2v7pnml25q3d7m7bc9xaz16g3xsbj70l-ruby-3.4.5",
              "default": true
            },
            {
              "name": "devdoc",
              "path": "/nix/store/26bgx29z1clw05swbyzp5x901z41npy7-ruby-3.4.5-devdoc"
            }
          ],
          "store_path": "/nix/store/2v7pnml25q3d7m7bc9xaz16g3xsbj70l-ruby-3.4.5"
        }
      }
    },
    "temporal-cli@latest": {
      "last_modified": "2025-07-24T15:00:16Z",
      "resolved": "github:NixOS/nixpkgs/b74a30dbc0a72e20df07d43109339f780b439291#temporal-cli",
      "source": "devbox-search",
      "version": "1.4.1",
      "systems": {
        "aarch64-darwin": {
          "outputs": [
            {
              "name": "out",
              "path": "/nix/store/v1srwf0jz6sd6rcwsfv79hm70yjqa9f3-temporal-cli-1.4.1",
              "default": true
            }
          ],
          "store_path": "/nix/store/v1srwf0jz6sd6rcwsfv79hm70yjqa9f3-temporal-cli-1.4.1"
        },
        "aarch64-linux": {
          "outputs": [
            {
              "name": "out",
              "path": "/nix/store/vv84xdiy85d7xsfvdklbf4i6xb463diw-temporal-cli-1.4.1",
              "default": true
            }
          ],
          "store_path": "/nix/store/vv84xdiy85d7xsfvdklbf4i6xb463diw-temporal-cli-1.4.1"
        },
        "x86_64-darwin": {
          "outputs": [
            {
              "name": "out",
              "path": "/nix/store/gv5biryndi4g0dyh6pzhp53cxyr8gfm1-temporal-cli-1.4.1",
              "default": true
            }
          ],
          "store_path": "/nix/store/gv5biryndi4g0dyh6pzhp53cxyr8gfm1-temporal-cli-1.4.1"
        },
        "x86_64-linux": {
          "outputs": [
            {
              "name": "out",
              "path": "/nix/store/p282qyjc0haivdlprjmr61iiqc7fa1kj-temporal-cli-1.4.1",
              "default": true
            }
          ],
          "store_path": "/nix/store/p282qyjc0haivdlprjmr61iiqc7fa1kj-temporal-cli-1.4.1"
        }
      }
    },
    "temporal@latest": {
      "last_modified": "2025-07-13T22:45:35Z",
      "resolved": "github:NixOS/nixpkgs/a421ac6595024edcfbb1ef950a3712b89161c359#temporal",
      "source": "devbox-search",
      "version": "1.28.0",
      "systems": {
        "aarch64-darwin": {
          "outputs": [
            {
              "name": "out",
              "path": "/nix/store/syi9xy17issh7x92462ai1cgnj76bajj-temporal-1.28.0",
              "default": true
            }
          ],
          "store_path": "/nix/store/syi9xy17issh7x92462ai1cgnj76bajj-temporal-1.28.0"
        },
        "aarch64-linux": {
          "outputs": [
            {
              "name": "out",
              "path": "/nix/store/mw80jqy3mms8cjx0i620crqqmkcdrhkq-temporal-1.28.0",
              "default": true
            }
          ],
          "store_path": "/nix/store/mw80jqy3mms8cjx0i620crqqmkcdrhkq-temporal-1.28.0"
        },
        "x86_64-darwin": {
          "outputs": [
            {
              "name": "out",
              "path": "/nix/store/c6ikjyhqksn2c0rahxw5bqmcxjsxjxka-temporal-1.28.0",
              "default": true
            }
          ],
          "store_path": "/nix/store/c6ikjyhqksn2c0rahxw5bqmcxjsxjxka-temporal-1.28.0"
        },
        "x86_64-linux": {
          "outputs": [
            {
              "name": "out",
              "path": "/nix/store/lbqpwrbvva15rfkhlvvn84vdaygs93w7-temporal-1.28.0",
              "default": true
            }
          ],
          "store_path": "/nix/store/lbqpwrbvva15rfkhlvvn84vdaygs93w7-temporal-1.28.0"
        }
      }
    }
  }
}
